
Microsoft Visual Studio Solution File, Format Version 12.00
# Visual Studio 14
VisualStudioVersion = 14.0.25420.1
MinimumVisualStudioVersion = 10.0.40219.1
Project("{FAE04EC0-301F-11D3-BF4B-00C04F79EFBC}") = "UwpClient.Test", "test\UwpClient.Test\UwpClient.Test.csproj", "{5B7F14EB-014B-4044-B7F5-A46B7D8458B9}"
EndProject
Project("{2150E333-8FDC-42A3-9474-1A3956D46DE8}") = "Reference", "Reference", "{320D2FDD-845C-482A-8976-256E7898E630}"
EndProject
Project("{FAE04EC0-301F-11D3-BF4B-00C04F79EFBC}") = "SimpleHttpServer.PCL", "SimpleHttpServer.PCL.csproj", "{C755BE3A-68EF-496C-A84A-A38170A1271E}"
EndProject
Project("{FAE04EC0-301F-11D3-BF4B-00C04F79EFBC}") = "Portable111.Shim", "..\Accord\Shim\_Profile111\Portable111.Shim.csproj", "{0613BEC0-5897-43E7-BF79-03F709113688}"
EndProject
Project("{D954291E-2A0B-460D-934E-DC6B0785DB48}") = "Shim.Shared", "..\Accord\Shim\Shim.Shared.shproj", "{CB573E57-FEF7-4FB0-8922-560A85D80F20}"
EndProject
Global
	GlobalSection(SharedMSBuildProjectFiles) = preSolution
		..\Accord\Shim\Shim.Shared.projitems*{0613bec0-5897-43e7-bf79-03f709113688}*SharedItemsImports = 4
		..\Accord\Shim\Shim.Shared.projitems*{cb573e57-fef7-4fb0-8922-560a85d80f20}*SharedItemsImports = 13
	EndGlobalSection
	GlobalSection(SolutionConfigurationPlatforms) = preSolution
		Analysis|Any CPU = Analysis|Any CPU
		Analysis|ARM = Analysis|ARM
		Analysis|x64 = Analysis|x64
		Analysis|x86 = Analysis|x86
		Debug|Any CPU = Debug|Any CPU
		Debug|ARM = Debug|ARM
		Debug|x64 = Debug|x64
		Debug|x86 = Debug|x86
		Release|Any CPU = Release|Any CPU
		Release|ARM = Release|ARM
		Release|x64 = Release|x64
		Release|x86 = Release|x86
	EndGlobalSection
	GlobalSection(ProjectConfigurationPlatforms) = postSolution
		{5B7F14EB-014B-4044-B7F5-A46B7D8458B9}.Analysis|Any CPU.ActiveCfg = Release|x64
		{5B7F14EB-014B-4044-B7F5-A46B7D8458B9}.Analysis|Any CPU.Build.0 = Release|x64
		{5B7F14EB-014B-4044-B7F5-A46B7D8458B9}.Analysis|Any CPU.Deploy.0 = Release|x64
		{5B7F14EB-014B-4044-B7F5-A46B7D8458B9}.Analysis|ARM.ActiveCfg = Release|ARM
		{5B7F14EB-014B-4044-B7F5-A46B7D8458B9}.Analysis|ARM.Build.0 = Release|ARM
		{5B7F14EB-014B-4044-B7F5-A46B7D8458B9}.Analysis|ARM.Deploy.0 = Release|ARM
		{5B7F14EB-014B-4044-B7F5-A46B7D8458B9}.Analysis|x64.ActiveCfg = Release|x64
		{5B7F14EB-014B-4044-B7F5-A46B7D8458B9}.Analysis|x64.Build.0 = Release|x64
		{5B7F14EB-014B-4044-B7F5-A46B7D8458B9}.Analysis|x64.Deploy.0 = Release|x64
		{5B7F14EB-014B-4044-B7F5-A46B7D8458B9}.Analysis|x86.ActiveCfg = Release|x86
		{5B7F14EB-014B-4044-B7F5-A46B7D8458B9}.Analysis|x86.Build.0 = Release|x86
		{5B7F14EB-014B-4044-B7F5-A46B7D8458B9}.Analysis|x86.Deploy.0 = Release|x86
		{5B7F14EB-014B-4044-B7F5-A46B7D8458B9}.Debug|Any CPU.ActiveCfg = Debug|x86
		{5B7F14EB-014B-4044-B7F5-A46B7D8458B9}.Debug|Any CPU.Build.0 = Debug|x86
		{5B7F14EB-014B-4044-B7F5-A46B7D8458B9}.Debug|Any CPU.Deploy.0 = Debug|x86
		{5B7F14EB-014B-4044-B7F5-A46B7D8458B9}.Debug|ARM.ActiveCfg = Debug|ARM
		{5B7F14EB-014B-4044-B7F5-A46B7D8458B9}.Debug|ARM.Build.0 = Debug|ARM
		{5B7F14EB-014B-4044-B7F5-A46B7D8458B9}.Debug|ARM.Deploy.0 = Debug|ARM
		{5B7F14EB-014B-4044-B7F5-A46B7D8458B9}.Debug|x64.ActiveCfg = Debug|x64
		{5B7F14EB-014B-4044-B7F5-A46B7D8458B9}.Debug|x64.Build.0 = Debug|x64
		{5B7F14EB-014B-4044-B7F5-A46B7D8458B9}.Debug|x64.Deploy.0 = Debug|x64
		{5B7F14EB-014B-4044-B7F5-A46B7D8458B9}.Debug|x86.ActiveCfg = Debug|x86
		{5B7F14EB-014B-4044-B7F5-A46B7D8458B9}.Debug|x86.Build.0 = Debug|x86
		{5B7F14EB-014B-4044-B7F5-A46B7D8458B9}.Debug|x86.Deploy.0 = Debug|x86
		{5B7F14EB-014B-4044-B7F5-A46B7D8458B9}.Release|Any CPU.ActiveCfg = Release|x86
		{5B7F14EB-014B-4044-B7F5-A46B7D8458B9}.Release|ARM.ActiveCfg = Release|ARM
		{5B7F14EB-014B-4044-B7F5-A46B7D8458B9}.Release|ARM.Build.0 = Release|ARM
		{5B7F14EB-014B-4044-B7F5-A46B7D8458B9}.Release|ARM.Deploy.0 = Release|ARM
		{5B7F14EB-014B-4044-B7F5-A46B7D8458B9}.Release|x64.ActiveCfg = Release|x64
		{5B7F14EB-014B-4044-B7F5-A46B7D8458B9}.Release|x64.Build.0 = Release|x64
		{5B7F14EB-014B-4044-B7F5-A46B7D8458B9}.Release|x64.Deploy.0 = Release|x64
		{5B7F14EB-014B-4044-B7F5-A46B7D8458B9}.Release|x86.ActiveCfg = Release|x86
		{5B7F14EB-014B-4044-B7F5-A46B7D8458B9}.Release|x86.Build.0 = Release|x86
		{5B7F14EB-014B-4044-B7F5-A46B7D8458B9}.Release|x86.Deploy.0 = Release|x86
		{C755BE3A-68EF-496C-A84A-A38170A1271E}.Analysis|Any CPU.ActiveCfg = Release|Any CPU
		{C755BE3A-68EF-496C-A84A-A38170A1271E}.Analysis|Any CPU.Build.0 = Release|Any CPU
		{C755BE3A-68EF-496C-A84A-A38170A1271E}.Analysis|ARM.ActiveCfg = Release|Any CPU
		{C755BE3A-68EF-496C-A84A-A38170A1271E}.Analysis|ARM.Build.0 = Release|Any CPU
		{C755BE3A-68EF-496C-A84A-A38170A1271E}.Analysis|x64.ActiveCfg = Release|Any CPU
		{C755BE3A-68EF-496C-A84A-A38170A1271E}.Analysis|x64.Build.0 = Release|Any CPU
		{C755BE3A-68EF-496C-A84A-A38170A1271E}.Analysis|x86.ActiveCfg = Release|Any CPU
		{C755BE3A-68EF-496C-A84A-A38170A1271E}.Analysis|x86.Build.0 = Release|Any CPU
		{C755BE3A-68EF-496C-A84A-A38170A1271E}.Debug|Any CPU.ActiveCfg = Debug|Any CPU
		{C755BE3A-68EF-496C-A84A-A38170A1271E}.Debug|Any CPU.Build.0 = Debug|Any CPU
		{C755BE3A-68EF-496C-A84A-A38170A1271E}.Debug|ARM.ActiveCfg = Debug|Any CPU
		{C755BE3A-68EF-496C-A84A-A38170A1271E}.Debug|ARM.Build.0 = Debug|Any CPU
		{C755BE3A-68EF-496C-A84A-A38170A1271E}.Debug|x64.ActiveCfg = Debug|Any CPU
		{C755BE3A-68EF-496C-A84A-A38170A1271E}.Debug|x64.Build.0 = Debug|Any CPU
		{C755BE3A-68EF-496C-A84A-A38170A1271E}.Debug|x86.ActiveCfg = Debug|Any CPU
		{C755BE3A-68EF-496C-A84A-A38170A1271E}.Debug|x86.Build.0 = Debug|Any CPU
		{C755BE3A-68EF-496C-A84A-A38170A1271E}.Release|Any CPU.ActiveCfg = Release|Any CPU
		{C755BE3A-68EF-496C-A84A-A38170A1271E}.Release|Any CPU.Build.0 = Release|Any CPU
		{C755BE3A-68EF-496C-A84A-A38170A1271E}.Release|ARM.ActiveCfg = Release|Any CPU
		{C755BE3A-68EF-496C-A84A-A38170A1271E}.Release|ARM.Build.0 = Release|Any CPU
		{C755BE3A-68EF-496C-A84A-A38170A1271E}.Release|x64.ActiveCfg = Release|Any CPU
		{C755BE3A-68EF-496C-A84A-A38170A1271E}.Release|x64.Build.0 = Release|Any CPU
		{C755BE3A-68EF-496C-A84A-A38170A1271E}.Release|x86.ActiveCfg = Release|Any CPU
		{C755BE3A-68EF-496C-A84A-A38170A1271E}.Release|x86.Build.0 = Release|Any CPU
		{0613BEC0-5897-43E7-BF79-03F709113688}.Analysis|Any CPU.ActiveCfg = Release|Any CPU
		{0613BEC0-5897-43E7-BF79-03F709113688}.Analysis|Any CPU.Build.0 = Release|Any CPU
		{0613BEC0-5897-43E7-BF79-03F709113688}.Analysis|ARM.ActiveCfg = Release|Any CPU
		{0613BEC0-5897-43E7-BF79-03F709113688}.Analysis|ARM.Build.0 = Release|Any CPU
		{0613BEC0-5897-43E7-BF79-03F709113688}.Analysis|x64.ActiveCfg = Release|Any CPU
		{0613BEC0-5897-43E7-BF79-03F709113688}.Analysis|x64.Build.0 = Release|Any CPU
		{0613BEC0-5897-43E7-BF79-03F709113688}.Analysis|x86.ActiveCfg = Release|Any CPU
		{0613BEC0-5897-43E7-BF79-03F709113688}.Analysis|x86.Build.0 = Release|Any CPU
		{0613BEC0-5897-43E7-BF79-03F709113688}.Debug|Any CPU.ActiveCfg = Release|Any CPU
		{0613BEC0-5897-43E7-BF79-03F709113688}.Debug|ARM.ActiveCfg = Debug|Any CPU
		{0613BEC0-5897-43E7-BF79-03F709113688}.Debug|ARM.Build.0 = Debug|Any CPU
		{0613BEC0-5897-43E7-BF79-03F709113688}.Debug|x64.ActiveCfg = Debug|Any CPU
		{0613BEC0-5897-43E7-BF79-03F709113688}.Debug|x64.Build.0 = Debug|Any CPU
		{0613BEC0-5897-43E7-BF79-03F709113688}.Debug|x86.ActiveCfg = Debug|Any CPU
		{0613BEC0-5897-43E7-BF79-03F709113688}.Debug|x86.Build.0 = Debug|Any CPU
		{0613BEC0-5897-43E7-BF79-03F709113688}.Release|Any CPU.ActiveCfg = Release|Any CPU
		{0613BEC0-5897-43E7-BF79-03F709113688}.Release|Any CPU.Build.0 = Release|Any CPU
		{0613BEC0-5897-43E7-BF79-03F709113688}.Release|ARM.ActiveCfg = Release|Any CPU
		{0613BEC0-5897-43E7-BF79-03F709113688}.Release|ARM.Build.0 = Release|Any CPU
		{0613BEC0-5897-43E7-BF79-03F709113688}.Release|x64.ActiveCfg = Release|Any CPU
		{0613BEC0-5897-43E7-BF79-03F709113688}.Release|x64.Build.0 = Release|Any CPU
		{0613BEC0-5897-43E7-BF79-03F709113688}.Release|x86.ActiveCfg = Release|Any CPU
		{0613BEC0-5897-43E7-BF79-03F709113688}.Release|x86.Build.0 = Release|Any CPU
	EndGlobalSection
	GlobalSection(SolutionProperties) = preSolution
		HideSolutionNode = FALSE
	EndGlobalSection
	GlobalSection(NestedProjects) = preSolution
		{0613BEC0-5897-43E7-BF79-03F709113688} = {320D2FDD-845C-482A-8976-256E7898E630}
		{CB573E57-FEF7-4FB0-8922-560A85D80F20} = {320D2FDD-845C-482A-8976-256E7898E630}
	EndGlobalSection
EndGlobal
