
Microsoft Visual Studio Solution File, Format Version 12.00
# Visual Studio 14
VisualStudioVersion = 14.0.25420.1
MinimumVisualStudioVersion = 10.0.40219.1
Project("{FAE04EC0-301F-11D3-BF4B-00C04F79EFBC}") = "SimpleHttpServer", "_UWP\SimpleHttpServer.csproj", "{3CBB4B1D-8D32-414C-A1FE-E7D21C781733}"
EndProject
Project("{FAE04EC0-301F-11D3-BF4B-00C04F79EFBC}") = "UwpClient.Test", "test\UwpClient.Test\UwpClient.Test.csproj", "{5B7F14EB-014B-4044-B7F5-A46B7D8458B9}"
EndProject
Project("{FAE04EC0-301F-11D3-BF4B-00C04F79EFBC}") = "UWP.Shim", "..\Accord\Shim\_UWP\UWP.Shim.csproj", "{7305ECB7-7102-4E92-BAB5-A2760C77BE76}"
EndProject
Project("{2150E333-8FDC-42A3-9474-1A3956D46DE8}") = "Reference", "Reference", "{320D2FDD-845C-482A-8976-256E7898E630}"
EndProject
Project("{FAE04EC0-301F-11D3-BF4B-00C04F79EFBC}") = "ISocketLite.PCL", "..\SocketLite.PCL\ISocketLite.PCL\ISocketLite.PCL.csproj", "{1752265E-FFAB-4A20-B3F7-83789CB8B125}"
EndProject
Project("{FAE04EC0-301F-11D3-BF4B-00C04F79EFBC}") = "SocketLite.PCL", "..\SocketLite.PCL\SocketLite.PCL\SocketLite.PCL.csproj", "{EEE36E05-DCBC-4B35-B47B-94D0E9E9FA0F}"
EndProject
Project("{FAE04EC0-301F-11D3-BF4B-00C04F79EFBC}") = "SimpleHttpServer.PCL", "SimpleHttpServer.PCL.csproj", "{C755BE3A-68EF-496C-A84A-A38170A1271E}"
EndProject
Global
	GlobalSection(SharedMSBuildProjectFiles) = preSolution
		..\Accord\Shim\Shim.Shared.projitems*{7305ecb7-7102-4e92-bab5-a2760c77be76}*SharedItemsImports = 4
	EndGlobalSection
	GlobalSection(SolutionConfigurationPlatforms) = preSolution
		Analysis|Any CPU = Analysis|Any CPU
		Analysis|ARM = Analysis|ARM
		Analysis|x64 = Analysis|x64
		Analysis|x86 = Analysis|x86
		Debug|Any CPU = Debug|Any CPU
		Debug|ARM = Debug|ARM
		Debug|x64 = Debug|x64
		Debug|x86 = Debug|x86
		Release|Any CPU = Release|Any CPU
		Release|ARM = Release|ARM
		Release|x64 = Release|x64
		Release|x86 = Release|x86
	EndGlobalSection
	GlobalSection(ProjectConfigurationPlatforms) = postSolution
		{3CBB4B1D-8D32-414C-A1FE-E7D21C781733}.Analysis|Any CPU.ActiveCfg = Analysis|Any CPU
		{3CBB4B1D-8D32-414C-A1FE-E7D21C781733}.Analysis|Any CPU.Build.0 = Analysis|Any CPU
		{3CBB4B1D-8D32-414C-A1FE-E7D21C781733}.Analysis|ARM.ActiveCfg = Analysis|Any CPU
		{3CBB4B1D-8D32-414C-A1FE-E7D21C781733}.Analysis|ARM.Build.0 = Analysis|Any CPU
		{3CBB4B1D-8D32-414C-A1FE-E7D21C781733}.Analysis|x64.ActiveCfg = Analysis|Any CPU
		{3CBB4B1D-8D32-414C-A1FE-E7D21C781733}.Analysis|x64.Build.0 = Analysis|Any CPU
		{3CBB4B1D-8D32-414C-A1FE-E7D21C781733}.Analysis|x86.ActiveCfg = Analysis|Any CPU
		{3CBB4B1D-8D32-414C-A1FE-E7D21C781733}.Analysis|x86.Build.0 = Analysis|Any CPU
		{3CBB4B1D-8D32-414C-A1FE-E7D21C781733}.Debug|Any CPU.ActiveCfg = Debug|Any CPU
		{3CBB4B1D-8D32-414C-A1FE-E7D21C781733}.Debug|Any CPU.Build.0 = Debug|Any CPU
		{3CBB4B1D-8D32-414C-A1FE-E7D21C781733}.Debug|ARM.ActiveCfg = Debug|Any CPU
		{3CBB4B1D-8D32-414C-A1FE-E7D21C781733}.Debug|ARM.Build.0 = Debug|Any CPU
		{3CBB4B1D-8D32-414C-A1FE-E7D21C781733}.Debug|x64.ActiveCfg = Debug|Any CPU
		{3CBB4B1D-8D32-414C-A1FE-E7D21C781733}.Debug|x64.Build.0 = Debug|Any CPU
		{3CBB4B1D-8D32-414C-A1FE-E7D21C781733}.Debug|x86.ActiveCfg = Debug|Any CPU
		{3CBB4B1D-8D32-414C-A1FE-E7D21C781733}.Debug|x86.Build.0 = Debug|Any CPU
		{3CBB4B1D-8D32-414C-A1FE-E7D21C781733}.Release|Any CPU.ActiveCfg = Release|Any CPU
		{3CBB4B1D-8D32-414C-A1FE-E7D21C781733}.Release|Any CPU.Build.0 = Release|Any CPU
		{3CBB4B1D-8D32-414C-A1FE-E7D21C781733}.Release|ARM.ActiveCfg = Release|Any CPU
		{3CBB4B1D-8D32-414C-A1FE-E7D21C781733}.Release|ARM.Build.0 = Release|Any CPU
		{3CBB4B1D-8D32-414C-A1FE-E7D21C781733}.Release|x64.ActiveCfg = Release|Any CPU
		{3CBB4B1D-8D32-414C-A1FE-E7D21C781733}.Release|x64.Build.0 = Release|Any CPU
		{3CBB4B1D-8D32-414C-A1FE-E7D21C781733}.Release|x86.ActiveCfg = Release|Any CPU
		{3CBB4B1D-8D32-414C-A1FE-E7D21C781733}.Release|x86.Build.0 = Release|Any CPU
		{5B7F14EB-014B-4044-B7F5-A46B7D8458B9}.Analysis|Any CPU.ActiveCfg = Release|x64
		{5B7F14EB-014B-4044-B7F5-A46B7D8458B9}.Analysis|Any CPU.Build.0 = Release|x64
		{5B7F14EB-014B-4044-B7F5-A46B7D8458B9}.Analysis|Any CPU.Deploy.0 = Release|x64
		{5B7F14EB-014B-4044-B7F5-A46B7D8458B9}.Analysis|ARM.ActiveCfg = Release|ARM
		{5B7F14EB-014B-4044-B7F5-A46B7D8458B9}.Analysis|ARM.Build.0 = Release|ARM
		{5B7F14EB-014B-4044-B7F5-A46B7D8458B9}.Analysis|ARM.Deploy.0 = Release|ARM
		{5B7F14EB-014B-4044-B7F5-A46B7D8458B9}.Analysis|x64.ActiveCfg = Release|x64
		{5B7F14EB-014B-4044-B7F5-A46B7D8458B9}.Analysis|x64.Build.0 = Release|x64
		{5B7F14EB-014B-4044-B7F5-A46B7D8458B9}.Analysis|x64.Deploy.0 = Release|x64
		{5B7F14EB-014B-4044-B7F5-A46B7D8458B9}.Analysis|x86.ActiveCfg = Release|x86
		{5B7F14EB-014B-4044-B7F5-A46B7D8458B9}.Analysis|x86.Build.0 = Release|x86
		{5B7F14EB-014B-4044-B7F5-A46B7D8458B9}.Analysis|x86.Deploy.0 = Release|x86
		{5B7F14EB-014B-4044-B7F5-A46B7D8458B9}.Debug|Any CPU.ActiveCfg = Debug|x86
		{5B7F14EB-014B-4044-B7F5-A46B7D8458B9}.Debug|Any CPU.Build.0 = Debug|x86
		{5B7F14EB-014B-4044-B7F5-A46B7D8458B9}.Debug|Any CPU.Deploy.0 = Debug|x86
		{5B7F14EB-014B-4044-B7F5-A46B7D8458B9}.Debug|ARM.ActiveCfg = Debug|ARM
		{5B7F14EB-014B-4044-B7F5-A46B7D8458B9}.Debug|ARM.Build.0 = Debug|ARM
		{5B7F14EB-014B-4044-B7F5-A46B7D8458B9}.Debug|ARM.Deploy.0 = Debug|ARM
		{5B7F14EB-014B-4044-B7F5-A46B7D8458B9}.Debug|x64.ActiveCfg = Debug|x64
		{5B7F14EB-014B-4044-B7F5-A46B7D8458B9}.Debug|x64.Build.0 = Debug|x64
		{5B7F14EB-014B-4044-B7F5-A46B7D8458B9}.Debug|x64.Deploy.0 = Debug|x64
		{5B7F14EB-014B-4044-B7F5-A46B7D8458B9}.Debug|x86.ActiveCfg = Debug|x86
		{5B7F14EB-014B-4044-B7F5-A46B7D8458B9}.Debug|x86.Build.0 = Debug|x86
		{5B7F14EB-014B-4044-B7F5-A46B7D8458B9}.Debug|x86.Deploy.0 = Debug|x86
		{5B7F14EB-014B-4044-B7F5-A46B7D8458B9}.Release|Any CPU.ActiveCfg = Release|x86
		{5B7F14EB-014B-4044-B7F5-A46B7D8458B9}.Release|ARM.ActiveCfg = Release|ARM
		{5B7F14EB-014B-4044-B7F5-A46B7D8458B9}.Release|ARM.Build.0 = Release|ARM
		{5B7F14EB-014B-4044-B7F5-A46B7D8458B9}.Release|ARM.Deploy.0 = Release|ARM
		{5B7F14EB-014B-4044-B7F5-A46B7D8458B9}.Release|x64.ActiveCfg = Release|x64
		{5B7F14EB-014B-4044-B7F5-A46B7D8458B9}.Release|x64.Build.0 = Release|x64
		{5B7F14EB-014B-4044-B7F5-A46B7D8458B9}.Release|x64.Deploy.0 = Release|x64
		{5B7F14EB-014B-4044-B7F5-A46B7D8458B9}.Release|x86.ActiveCfg = Release|x86
		{5B7F14EB-014B-4044-B7F5-A46B7D8458B9}.Release|x86.Build.0 = Release|x86
		{5B7F14EB-014B-4044-B7F5-A46B7D8458B9}.Release|x86.Deploy.0 = Release|x86
		{7305ECB7-7102-4E92-BAB5-A2760C77BE76}.Analysis|Any CPU.ActiveCfg = Release|Any CPU
		{7305ECB7-7102-4E92-BAB5-A2760C77BE76}.Analysis|Any CPU.Build.0 = Release|Any CPU
		{7305ECB7-7102-4E92-BAB5-A2760C77BE76}.Analysis|ARM.ActiveCfg = Release|Any CPU
		{7305ECB7-7102-4E92-BAB5-A2760C77BE76}.Analysis|ARM.Build.0 = Release|Any CPU
		{7305ECB7-7102-4E92-BAB5-A2760C77BE76}.Analysis|x64.ActiveCfg = Release|Any CPU
		{7305ECB7-7102-4E92-BAB5-A2760C77BE76}.Analysis|x64.Build.0 = Release|Any CPU
		{7305ECB7-7102-4E92-BAB5-A2760C77BE76}.Analysis|x86.ActiveCfg = Release|Any CPU
		{7305ECB7-7102-4E92-BAB5-A2760C77BE76}.Analysis|x86.Build.0 = Release|Any CPU
		{7305ECB7-7102-4E92-BAB5-A2760C77BE76}.Debug|Any CPU.ActiveCfg = Debug|Any CPU
		{7305ECB7-7102-4E92-BAB5-A2760C77BE76}.Debug|Any CPU.Build.0 = Debug|Any CPU
		{7305ECB7-7102-4E92-BAB5-A2760C77BE76}.Debug|ARM.ActiveCfg = Debug|Any CPU
		{7305ECB7-7102-4E92-BAB5-A2760C77BE76}.Debug|ARM.Build.0 = Debug|Any CPU
		{7305ECB7-7102-4E92-BAB5-A2760C77BE76}.Debug|x64.ActiveCfg = Debug|Any CPU
		{7305ECB7-7102-4E92-BAB5-A2760C77BE76}.Debug|x64.Build.0 = Debug|Any CPU
		{7305ECB7-7102-4E92-BAB5-A2760C77BE76}.Debug|x86.ActiveCfg = Debug|Any CPU
		{7305ECB7-7102-4E92-BAB5-A2760C77BE76}.Debug|x86.Build.0 = Debug|Any CPU
		{7305ECB7-7102-4E92-BAB5-A2760C77BE76}.Release|Any CPU.ActiveCfg = Release|Any CPU
		{7305ECB7-7102-4E92-BAB5-A2760C77BE76}.Release|Any CPU.Build.0 = Release|Any CPU
		{7305ECB7-7102-4E92-BAB5-A2760C77BE76}.Release|ARM.ActiveCfg = Release|Any CPU
		{7305ECB7-7102-4E92-BAB5-A2760C77BE76}.Release|ARM.Build.0 = Release|Any CPU
		{7305ECB7-7102-4E92-BAB5-A2760C77BE76}.Release|x64.ActiveCfg = Release|Any CPU
		{7305ECB7-7102-4E92-BAB5-A2760C77BE76}.Release|x64.Build.0 = Release|Any CPU
		{7305ECB7-7102-4E92-BAB5-A2760C77BE76}.Release|x86.ActiveCfg = Release|Any CPU
		{7305ECB7-7102-4E92-BAB5-A2760C77BE76}.Release|x86.Build.0 = Release|Any CPU
		{1752265E-FFAB-4A20-B3F7-83789CB8B125}.Analysis|Any CPU.ActiveCfg = Release|Any CPU
		{1752265E-FFAB-4A20-B3F7-83789CB8B125}.Analysis|Any CPU.Build.0 = Release|Any CPU
		{1752265E-FFAB-4A20-B3F7-83789CB8B125}.Analysis|ARM.ActiveCfg = Release|Any CPU
		{1752265E-FFAB-4A20-B3F7-83789CB8B125}.Analysis|ARM.Build.0 = Release|Any CPU
		{1752265E-FFAB-4A20-B3F7-83789CB8B125}.Analysis|x64.ActiveCfg = Release|Any CPU
		{1752265E-FFAB-4A20-B3F7-83789CB8B125}.Analysis|x64.Build.0 = Release|Any CPU
		{1752265E-FFAB-4A20-B3F7-83789CB8B125}.Analysis|x86.ActiveCfg = Release|Any CPU
		{1752265E-FFAB-4A20-B3F7-83789CB8B125}.Analysis|x86.Build.0 = Release|Any CPU
		{1752265E-FFAB-4A20-B3F7-83789CB8B125}.Debug|Any CPU.ActiveCfg = Debug|Any CPU
		{1752265E-FFAB-4A20-B3F7-83789CB8B125}.Debug|Any CPU.Build.0 = Debug|Any CPU
		{1752265E-FFAB-4A20-B3F7-83789CB8B125}.Debug|ARM.ActiveCfg = Debug|Any CPU
		{1752265E-FFAB-4A20-B3F7-83789CB8B125}.Debug|ARM.Build.0 = Debug|Any CPU
		{1752265E-FFAB-4A20-B3F7-83789CB8B125}.Debug|x64.ActiveCfg = Debug|Any CPU
		{1752265E-FFAB-4A20-B3F7-83789CB8B125}.Debug|x64.Build.0 = Debug|Any CPU
		{1752265E-FFAB-4A20-B3F7-83789CB8B125}.Debug|x86.ActiveCfg = Debug|Any CPU
		{1752265E-FFAB-4A20-B3F7-83789CB8B125}.Debug|x86.Build.0 = Debug|Any CPU
		{1752265E-FFAB-4A20-B3F7-83789CB8B125}.Release|Any CPU.ActiveCfg = Release|Any CPU
		{1752265E-FFAB-4A20-B3F7-83789CB8B125}.Release|Any CPU.Build.0 = Release|Any CPU
		{1752265E-FFAB-4A20-B3F7-83789CB8B125}.Release|ARM.ActiveCfg = Release|Any CPU
		{1752265E-FFAB-4A20-B3F7-83789CB8B125}.Release|ARM.Build.0 = Release|Any CPU
		{1752265E-FFAB-4A20-B3F7-83789CB8B125}.Release|x64.ActiveCfg = Release|Any CPU
		{1752265E-FFAB-4A20-B3F7-83789CB8B125}.Release|x64.Build.0 = Release|Any CPU
		{1752265E-FFAB-4A20-B3F7-83789CB8B125}.Release|x86.ActiveCfg = Release|Any CPU
		{1752265E-FFAB-4A20-B3F7-83789CB8B125}.Release|x86.Build.0 = Release|Any CPU
		{EEE36E05-DCBC-4B35-B47B-94D0E9E9FA0F}.Analysis|Any CPU.ActiveCfg = Release|Any CPU
		{EEE36E05-DCBC-4B35-B47B-94D0E9E9FA0F}.Analysis|Any CPU.Build.0 = Release|Any CPU
		{EEE36E05-DCBC-4B35-B47B-94D0E9E9FA0F}.Analysis|ARM.ActiveCfg = Release|Any CPU
		{EEE36E05-DCBC-4B35-B47B-94D0E9E9FA0F}.Analysis|ARM.Build.0 = Release|Any CPU
		{EEE36E05-DCBC-4B35-B47B-94D0E9E9FA0F}.Analysis|x64.ActiveCfg = Release|Any CPU
		{EEE36E05-DCBC-4B35-B47B-94D0E9E9FA0F}.Analysis|x64.Build.0 = Release|Any CPU
		{EEE36E05-DCBC-4B35-B47B-94D0E9E9FA0F}.Analysis|x86.ActiveCfg = Release|Any CPU
		{EEE36E05-DCBC-4B35-B47B-94D0E9E9FA0F}.Analysis|x86.Build.0 = Release|Any CPU
		{EEE36E05-DCBC-4B35-B47B-94D0E9E9FA0F}.Debug|Any CPU.ActiveCfg = Debug|Any CPU
		{EEE36E05-DCBC-4B35-B47B-94D0E9E9FA0F}.Debug|Any CPU.Build.0 = Debug|Any CPU
		{EEE36E05-DCBC-4B35-B47B-94D0E9E9FA0F}.Debug|ARM.ActiveCfg = Debug|Any CPU
		{EEE36E05-DCBC-4B35-B47B-94D0E9E9FA0F}.Debug|ARM.Build.0 = Debug|Any CPU
		{EEE36E05-DCBC-4B35-B47B-94D0E9E9FA0F}.Debug|x64.ActiveCfg = Debug|Any CPU
		{EEE36E05-DCBC-4B35-B47B-94D0E9E9FA0F}.Debug|x64.Build.0 = Debug|Any CPU
		{EEE36E05-DCBC-4B35-B47B-94D0E9E9FA0F}.Debug|x86.ActiveCfg = Debug|Any CPU
		{EEE36E05-DCBC-4B35-B47B-94D0E9E9FA0F}.Debug|x86.Build.0 = Debug|Any CPU
		{EEE36E05-DCBC-4B35-B47B-94D0E9E9FA0F}.Release|Any CPU.ActiveCfg = Release|Any CPU
		{EEE36E05-DCBC-4B35-B47B-94D0E9E9FA0F}.Release|Any CPU.Build.0 = Release|Any CPU
		{EEE36E05-DCBC-4B35-B47B-94D0E9E9FA0F}.Release|ARM.ActiveCfg = Release|Any CPU
		{EEE36E05-DCBC-4B35-B47B-94D0E9E9FA0F}.Release|ARM.Build.0 = Release|Any CPU
		{EEE36E05-DCBC-4B35-B47B-94D0E9E9FA0F}.Release|x64.ActiveCfg = Release|Any CPU
		{EEE36E05-DCBC-4B35-B47B-94D0E9E9FA0F}.Release|x64.Build.0 = Release|Any CPU
		{EEE36E05-DCBC-4B35-B47B-94D0E9E9FA0F}.Release|x86.ActiveCfg = Release|Any CPU
		{EEE36E05-DCBC-4B35-B47B-94D0E9E9FA0F}.Release|x86.Build.0 = Release|Any CPU
		{C755BE3A-68EF-496C-A84A-A38170A1271E}.Analysis|Any CPU.ActiveCfg = Release|Any CPU
		{C755BE3A-68EF-496C-A84A-A38170A1271E}.Analysis|Any CPU.Build.0 = Release|Any CPU
		{C755BE3A-68EF-496C-A84A-A38170A1271E}.Analysis|ARM.ActiveCfg = Release|Any CPU
		{C755BE3A-68EF-496C-A84A-A38170A1271E}.Analysis|ARM.Build.0 = Release|Any CPU
		{C755BE3A-68EF-496C-A84A-A38170A1271E}.Analysis|x64.ActiveCfg = Release|Any CPU
		{C755BE3A-68EF-496C-A84A-A38170A1271E}.Analysis|x64.Build.0 = Release|Any CPU
		{C755BE3A-68EF-496C-A84A-A38170A1271E}.Analysis|x86.ActiveCfg = Release|Any CPU
		{C755BE3A-68EF-496C-A84A-A38170A1271E}.Analysis|x86.Build.0 = Release|Any CPU
		{C755BE3A-68EF-496C-A84A-A38170A1271E}.Debug|Any CPU.ActiveCfg = Debug|Any CPU
		{C755BE3A-68EF-496C-A84A-A38170A1271E}.Debug|Any CPU.Build.0 = Debug|Any CPU
		{C755BE3A-68EF-496C-A84A-A38170A1271E}.Debug|ARM.ActiveCfg = Debug|Any CPU
		{C755BE3A-68EF-496C-A84A-A38170A1271E}.Debug|ARM.Build.0 = Debug|Any CPU
		{C755BE3A-68EF-496C-A84A-A38170A1271E}.Debug|x64.ActiveCfg = Debug|Any CPU
		{C755BE3A-68EF-496C-A84A-A38170A1271E}.Debug|x64.Build.0 = Debug|Any CPU
		{C755BE3A-68EF-496C-A84A-A38170A1271E}.Debug|x86.ActiveCfg = Debug|Any CPU
		{C755BE3A-68EF-496C-A84A-A38170A1271E}.Debug|x86.Build.0 = Debug|Any CPU
		{C755BE3A-68EF-496C-A84A-A38170A1271E}.Release|Any CPU.ActiveCfg = Release|Any CPU
		{C755BE3A-68EF-496C-A84A-A38170A1271E}.Release|Any CPU.Build.0 = Release|Any CPU
		{C755BE3A-68EF-496C-A84A-A38170A1271E}.Release|ARM.ActiveCfg = Release|Any CPU
		{C755BE3A-68EF-496C-A84A-A38170A1271E}.Release|ARM.Build.0 = Release|Any CPU
		{C755BE3A-68EF-496C-A84A-A38170A1271E}.Release|x64.ActiveCfg = Release|Any CPU
		{C755BE3A-68EF-496C-A84A-A38170A1271E}.Release|x64.Build.0 = Release|Any CPU
		{C755BE3A-68EF-496C-A84A-A38170A1271E}.Release|x86.ActiveCfg = Release|Any CPU
		{C755BE3A-68EF-496C-A84A-A38170A1271E}.Release|x86.Build.0 = Release|Any CPU
	EndGlobalSection
	GlobalSection(SolutionProperties) = preSolution
		HideSolutionNode = FALSE
	EndGlobalSection
	GlobalSection(NestedProjects) = preSolution
		{7305ECB7-7102-4E92-BAB5-A2760C77BE76} = {320D2FDD-845C-482A-8976-256E7898E630}
		{1752265E-FFAB-4A20-B3F7-83789CB8B125} = {320D2FDD-845C-482A-8976-256E7898E630}
		{EEE36E05-DCBC-4B35-B47B-94D0E9E9FA0F} = {320D2FDD-845C-482A-8976-256E7898E630}
	EndGlobalSection
EndGlobal
