
Microsoft Visual Studio Solution File, Format Version 12.00
# Visual Studio 15
VisualStudioVersion = 15.0.28307.1082
MinimumVisualStudioVersion = 10.0.40219.1
Project("{FAE04EC0-301F-11D3-BF4B-00C04F79EFBC}") = "AIMLBot", "src\ChatBots\AIMLBot\AIMLBot.csproj", "{9C87D82C-0E27-4995-A2CB-72BCB84EF2E2}"
EndProject
Project("{FAE04EC0-301F-11D3-BF4B-00C04F79EFBC}") = "Eliza", "src\ChatBots\Eliza\Eliza.csproj", "{67264662-CA03-4ED0-8924-5843307E4B53}"
EndProject
Project("{2150E333-8FDC-42A3-9474-1A3956D46DE8}") = "ChatBots", "ChatBots", "{37C8E3F4-C81B-4681-B044-6322D16402AE}"
EndProject
Project("{2150E333-8FDC-42A3-9474-1A3956D46DE8}") = "motion", "motion", "{6C1ABBC6-DA44-449F-B397-DF50E4995167}"
EndProject
Project("{FAE04EC0-301F-11D3-BF4B-00C04F79EFBC}") = "dshow", "src\motion\dshow\dshow.csproj", "{37B08AFD-F4BC-4E13-9119-537BA6A12CCB}"
EndProject
Project("{FAE04EC0-301F-11D3-BF4B-00C04F79EFBC}") = "motion", "src\motion\motion\motion.csproj", "{F4799C73-DEE9-48F2-B626-32149CC30976}"
EndProject
Project("{FAE04EC0-301F-11D3-BF4B-00C04F79EFBC}") = "vfw", "src\motion\vfw\vfw.csproj", "{ECAA3D55-19AB-440B-B82E-221AE06C4A5B}"
EndProject
Global
	GlobalSection(SolutionConfigurationPlatforms) = preSolution
		Debug|Any CPU = Debug|Any CPU
		Debug|ARM = Debug|ARM
		Debug|x86 = Debug|x86
		Release|Any CPU = Release|Any CPU
		Release|ARM = Release|ARM
		Release|x86 = Release|x86
	EndGlobalSection
	GlobalSection(ProjectConfigurationPlatforms) = postSolution
		{9C87D82C-0E27-4995-A2CB-72BCB84EF2E2}.Debug|Any CPU.ActiveCfg = Debug|Any CPU
		{9C87D82C-0E27-4995-A2CB-72BCB84EF2E2}.Debug|Any CPU.Build.0 = Debug|Any CPU
		{9C87D82C-0E27-4995-A2CB-72BCB84EF2E2}.Debug|ARM.ActiveCfg = Debug|Any CPU
		{9C87D82C-0E27-4995-A2CB-72BCB84EF2E2}.Debug|ARM.Build.0 = Debug|Any CPU
		{9C87D82C-0E27-4995-A2CB-72BCB84EF2E2}.Debug|x86.ActiveCfg = Debug|Any CPU
		{9C87D82C-0E27-4995-A2CB-72BCB84EF2E2}.Debug|x86.Build.0 = Debug|Any CPU
		{9C87D82C-0E27-4995-A2CB-72BCB84EF2E2}.Release|Any CPU.ActiveCfg = Release|Any CPU
		{9C87D82C-0E27-4995-A2CB-72BCB84EF2E2}.Release|Any CPU.Build.0 = Release|Any CPU
		{9C87D82C-0E27-4995-A2CB-72BCB84EF2E2}.Release|ARM.ActiveCfg = Release|Any CPU
		{9C87D82C-0E27-4995-A2CB-72BCB84EF2E2}.Release|ARM.Build.0 = Release|Any CPU
		{9C87D82C-0E27-4995-A2CB-72BCB84EF2E2}.Release|x86.ActiveCfg = Release|Any CPU
		{9C87D82C-0E27-4995-A2CB-72BCB84EF2E2}.Release|x86.Build.0 = Release|Any CPU
		{67264662-CA03-4ED0-8924-5843307E4B53}.Debug|Any CPU.ActiveCfg = Debug|Any CPU
		{67264662-CA03-4ED0-8924-5843307E4B53}.Debug|Any CPU.Build.0 = Debug|Any CPU
		{67264662-CA03-4ED0-8924-5843307E4B53}.Debug|ARM.ActiveCfg = Debug|Any CPU
		{67264662-CA03-4ED0-8924-5843307E4B53}.Debug|ARM.Build.0 = Debug|Any CPU
		{67264662-CA03-4ED0-8924-5843307E4B53}.Debug|x86.ActiveCfg = Debug|Any CPU
		{67264662-CA03-4ED0-8924-5843307E4B53}.Debug|x86.Build.0 = Debug|Any CPU
		{67264662-CA03-4ED0-8924-5843307E4B53}.Release|Any CPU.ActiveCfg = Release|Any CPU
		{67264662-CA03-4ED0-8924-5843307E4B53}.Release|Any CPU.Build.0 = Release|Any CPU
		{67264662-CA03-4ED0-8924-5843307E4B53}.Release|ARM.ActiveCfg = Release|Any CPU
		{67264662-CA03-4ED0-8924-5843307E4B53}.Release|ARM.Build.0 = Release|Any CPU
		{67264662-CA03-4ED0-8924-5843307E4B53}.Release|x86.ActiveCfg = Release|Any CPU
		{67264662-CA03-4ED0-8924-5843307E4B53}.Release|x86.Build.0 = Release|Any CPU
		{37B08AFD-F4BC-4E13-9119-537BA6A12CCB}.Debug|Any CPU.ActiveCfg = Debug|Any CPU
		{37B08AFD-F4BC-4E13-9119-537BA6A12CCB}.Debug|Any CPU.Build.0 = Debug|Any CPU
		{37B08AFD-F4BC-4E13-9119-537BA6A12CCB}.Debug|ARM.ActiveCfg = Debug|Any CPU
		{37B08AFD-F4BC-4E13-9119-537BA6A12CCB}.Debug|ARM.Build.0 = Debug|Any CPU
		{37B08AFD-F4BC-4E13-9119-537BA6A12CCB}.Debug|x86.ActiveCfg = Debug|Any CPU
		{37B08AFD-F4BC-4E13-9119-537BA6A12CCB}.Debug|x86.Build.0 = Debug|Any CPU
		{37B08AFD-F4BC-4E13-9119-537BA6A12CCB}.Release|Any CPU.ActiveCfg = Release|Any CPU
		{37B08AFD-F4BC-4E13-9119-537BA6A12CCB}.Release|Any CPU.Build.0 = Release|Any CPU
		{37B08AFD-F4BC-4E13-9119-537BA6A12CCB}.Release|ARM.ActiveCfg = Release|Any CPU
		{37B08AFD-F4BC-4E13-9119-537BA6A12CCB}.Release|ARM.Build.0 = Release|Any CPU
		{37B08AFD-F4BC-4E13-9119-537BA6A12CCB}.Release|x86.ActiveCfg = Release|Any CPU
		{37B08AFD-F4BC-4E13-9119-537BA6A12CCB}.Release|x86.Build.0 = Release|Any CPU
		{F4799C73-DEE9-48F2-B626-32149CC30976}.Debug|Any CPU.ActiveCfg = Debug|Any CPU
		{F4799C73-DEE9-48F2-B626-32149CC30976}.Debug|Any CPU.Build.0 = Debug|Any CPU
		{F4799C73-DEE9-48F2-B626-32149CC30976}.Debug|ARM.ActiveCfg = Debug|Any CPU
		{F4799C73-DEE9-48F2-B626-32149CC30976}.Debug|ARM.Build.0 = Debug|Any CPU
		{F4799C73-DEE9-48F2-B626-32149CC30976}.Debug|x86.ActiveCfg = Debug|Any CPU
		{F4799C73-DEE9-48F2-B626-32149CC30976}.Debug|x86.Build.0 = Debug|Any CPU
		{F4799C73-DEE9-48F2-B626-32149CC30976}.Release|Any CPU.ActiveCfg = Release|Any CPU
		{F4799C73-DEE9-48F2-B626-32149CC30976}.Release|Any CPU.Build.0 = Release|Any CPU
		{F4799C73-DEE9-48F2-B626-32149CC30976}.Release|ARM.ActiveCfg = Release|Any CPU
		{F4799C73-DEE9-48F2-B626-32149CC30976}.Release|ARM.Build.0 = Release|Any CPU
		{F4799C73-DEE9-48F2-B626-32149CC30976}.Release|x86.ActiveCfg = Release|Any CPU
		{F4799C73-DEE9-48F2-B626-32149CC30976}.Release|x86.Build.0 = Release|Any CPU
		{ECAA3D55-19AB-440B-B82E-221AE06C4A5B}.Debug|Any CPU.ActiveCfg = Debug|Any CPU
		{ECAA3D55-19AB-440B-B82E-221AE06C4A5B}.Debug|Any CPU.Build.0 = Debug|Any CPU
		{ECAA3D55-19AB-440B-B82E-221AE06C4A5B}.Debug|ARM.ActiveCfg = Debug|Any CPU
		{ECAA3D55-19AB-440B-B82E-221AE06C4A5B}.Debug|ARM.Build.0 = Debug|Any CPU
		{ECAA3D55-19AB-440B-B82E-221AE06C4A5B}.Debug|x86.ActiveCfg = Debug|Any CPU
		{ECAA3D55-19AB-440B-B82E-221AE06C4A5B}.Debug|x86.Build.0 = Debug|Any CPU
		{ECAA3D55-19AB-440B-B82E-221AE06C4A5B}.Release|Any CPU.ActiveCfg = Release|Any CPU
		{ECAA3D55-19AB-440B-B82E-221AE06C4A5B}.Release|Any CPU.Build.0 = Release|Any CPU
		{ECAA3D55-19AB-440B-B82E-221AE06C4A5B}.Release|ARM.ActiveCfg = Release|Any CPU
		{ECAA3D55-19AB-440B-B82E-221AE06C4A5B}.Release|ARM.Build.0 = Release|Any CPU
		{ECAA3D55-19AB-440B-B82E-221AE06C4A5B}.Release|x86.ActiveCfg = Release|Any CPU
		{ECAA3D55-19AB-440B-B82E-221AE06C4A5B}.Release|x86.Build.0 = Release|Any CPU
	EndGlobalSection
	GlobalSection(SolutionProperties) = preSolution
		HideSolutionNode = FALSE
	EndGlobalSection
	GlobalSection(NestedProjects) = preSolution
		{9C87D82C-0E27-4995-A2CB-72BCB84EF2E2} = {37C8E3F4-C81B-4681-B044-6322D16402AE}
		{67264662-CA03-4ED0-8924-5843307E4B53} = {37C8E3F4-C81B-4681-B044-6322D16402AE}
		{37B08AFD-F4BC-4E13-9119-537BA6A12CCB} = {6C1ABBC6-DA44-449F-B397-DF50E4995167}
		{F4799C73-DEE9-48F2-B626-32149CC30976} = {6C1ABBC6-DA44-449F-B397-DF50E4995167}
		{ECAA3D55-19AB-440B-B82E-221AE06C4A5B} = {6C1ABBC6-DA44-449F-B397-DF50E4995167}
	EndGlobalSection
	GlobalSection(ExtensibilityGlobals) = postSolution
		SolutionGuid = {95685E94-A73A-49B8-A624-3F9D6DA86471}
	EndGlobalSection
EndGlobal
